// !$*UTF8*$!
{
	archiveVersion = 1;
	classes = {
	};
	objectVersion = 46;
	objects = {

/* Begin PBXBuildFile section */
		104698B4D27BFD6744A2B5C8 /* Pods_ios_starter_kitTests.framework in Frameworks */ = {isa = PBXBuildFile; fileRef = 86D58CC949D8A16131F9C67B /* Pods_ios_starter_kitTests.framework */; };
		282F9CFB59BBA5F94E1AAD45 /* Pods_ios_starter_kit.framework in Frameworks */ = {isa = PBXBuildFile; fileRef = 5CAC8BCB3A4037B59353DA65 /* Pods_ios_starter_kit.framework */; };
		55CCE8A5A25398C679D37EAC /* Pods_ios_starter_kitUITests.framework in Frameworks */ = {isa = PBXBuildFile; fileRef = 00FAE05929EC045050DA094F /* Pods_ios_starter_kitUITests.framework */; };
		8C04E0991D20FE0400D88603 /* AppDelegate.swift in Sources */ = {isa = PBXBuildFile; fileRef = 8C04E0981D20FE0400D88603 /* AppDelegate.swift */; };
		8C04E09B1D20FE0400D88603 /* ViewController.swift in Sources */ = {isa = PBXBuildFile; fileRef = 8C04E09A1D20FE0400D88603 /* ViewController.swift */; };
		8C04E09E1D20FE0400D88603 /* Main.storyboard in Resources */ = {isa = PBXBuildFile; fileRef = 8C04E09C1D20FE0400D88603 /* Main.storyboard */; };
		8C04E0A01D20FE0400D88603 /* Assets.xcassets in Resources */ = {isa = PBXBuildFile; fileRef = 8C04E09F1D20FE0400D88603 /* Assets.xcassets */; };
		8C04E0A31D20FE0400D88603 /* LaunchScreen.storyboard in Resources */ = {isa = PBXBuildFile; fileRef = 8C04E0A11D20FE0400D88603 /* LaunchScreen.storyboard */; };
		8C04E0AE1D20FE0400D88603 /* ios_starter_kitTests.swift in Sources */ = {isa = PBXBuildFile; fileRef = 8C04E0AD1D20FE0400D88603 /* ios_starter_kitTests.swift */; };
		8C04E0B91D20FE0400D88603 /* ios_starter_kitUITests.swift in Sources */ = {isa = PBXBuildFile; fileRef = 8C04E0B81D20FE0400D88603 /* ios_starter_kitUITests.swift */; };
		8C831FBC1D212D9200C6C7B5 /* Logger.swift in Sources */ = {isa = PBXBuildFile; fileRef = 8C831FBB1D212D9200C6C7B5 /* Logger.swift */; };
/* End PBXBuildFile section */

/* Begin PBXContainerItemProxy section */
		8C04E0AA1D20FE0400D88603 /* PBXContainerItemProxy */ = {
			isa = PBXContainerItemProxy;
			containerPortal = 8C04E08D1D20FE0400D88603 /* Project object */;
			proxyType = 1;
			remoteGlobalIDString = 8C04E0941D20FE0400D88603;
			remoteInfo = ios_starter_kit;
		};
		8C04E0B51D20FE0400D88603 /* PBXContainerItemProxy */ = {
			isa = PBXContainerItemProxy;
			containerPortal = 8C04E08D1D20FE0400D88603 /* Project object */;
			proxyType = 1;
			remoteGlobalIDString = 8C04E0941D20FE0400D88603;
			remoteInfo = ios_starter_kit;
		};
/* End PBXContainerItemProxy section */

/* Begin PBXFileReference section */
		00FAE05929EC045050DA094F /* Pods_ios_starter_kitUITests.framework */ = {isa = PBXFileReference; explicitFileType = wrapper.framework; includeInIndex = 0; path = Pods_ios_starter_kitUITests.framework; sourceTree = BUILT_PRODUCTS_DIR; };
		18F9321AE36FC96419959BEC /* Pods-ios_starter_kit.debug.xcconfig */ = {isa = PBXFileReference; includeInIndex = 1; lastKnownFileType = text.xcconfig; name = "Pods-ios_starter_kit.debug.xcconfig"; path = "Pods/Target Support Files/Pods-ios_starter_kit/Pods-ios_starter_kit.debug.xcconfig"; sourceTree = "<group>"; };
		55356D485A82432B03BDF8B6 /* Pods-ios_starter_kitUITests.release.xcconfig */ = {isa = PBXFileReference; includeInIndex = 1; lastKnownFileType = text.xcconfig; name = "Pods-ios_starter_kitUITests.release.xcconfig"; path = "Pods/Target Support Files/Pods-ios_starter_kitUITests/Pods-ios_starter_kitUITests.release.xcconfig"; sourceTree = "<group>"; };
		5CAC8BCB3A4037B59353DA65 /* Pods_ios_starter_kit.framework */ = {isa = PBXFileReference; explicitFileType = wrapper.framework; includeInIndex = 0; path = Pods_ios_starter_kit.framework; sourceTree = BUILT_PRODUCTS_DIR; };
		6A2C2B5184CE79B701DC7DF3 /* Pods-ios_starter_kitTests.release.xcconfig */ = {isa = PBXFileReference; includeInIndex = 1; lastKnownFileType = text.xcconfig; name = "Pods-ios_starter_kitTests.release.xcconfig"; path = "Pods/Target Support Files/Pods-ios_starter_kitTests/Pods-ios_starter_kitTests.release.xcconfig"; sourceTree = "<group>"; };
		86D58CC949D8A16131F9C67B /* Pods_ios_starter_kitTests.framework */ = {isa = PBXFileReference; explicitFileType = wrapper.framework; includeInIndex = 0; path = Pods_ios_starter_kitTests.framework; sourceTree = BUILT_PRODUCTS_DIR; };
		8C04E0951D20FE0400D88603 /* ios_starter_kit.app */ = {isa = PBXFileReference; explicitFileType = wrapper.application; includeInIndex = 0; path = ios_starter_kit.app; sourceTree = BUILT_PRODUCTS_DIR; };
		8C04E0981D20FE0400D88603 /* AppDelegate.swift */ = {isa = PBXFileReference; lastKnownFileType = sourcecode.swift; path = AppDelegate.swift; sourceTree = "<group>"; };
		8C04E09A1D20FE0400D88603 /* ViewController.swift */ = {isa = PBXFileReference; lastKnownFileType = sourcecode.swift; path = ViewController.swift; sourceTree = "<group>"; };
		8C04E09D1D20FE0400D88603 /* Base */ = {isa = PBXFileReference; lastKnownFileType = file.storyboard; name = Base; path = Base.lproj/Main.storyboard; sourceTree = "<group>"; };
		8C04E09F1D20FE0400D88603 /* Assets.xcassets */ = {isa = PBXFileReference; lastKnownFileType = folder.assetcatalog; path = Assets.xcassets; sourceTree = "<group>"; };
		8C04E0A21D20FE0400D88603 /* Base */ = {isa = PBXFileReference; lastKnownFileType = file.storyboard; name = Base; path = Base.lproj/LaunchScreen.storyboard; sourceTree = "<group>"; };
		8C04E0A41D20FE0400D88603 /* Info.plist */ = {isa = PBXFileReference; lastKnownFileType = text.plist.xml; path = Info.plist; sourceTree = "<group>"; };
		8C04E0A91D20FE0400D88603 /* ios_starter_kitTests.xctest */ = {isa = PBXFileReference; explicitFileType = wrapper.cfbundle; includeInIndex = 0; path = ios_starter_kitTests.xctest; sourceTree = BUILT_PRODUCTS_DIR; };
		8C04E0AD1D20FE0400D88603 /* ios_starter_kitTests.swift */ = {isa = PBXFileReference; lastKnownFileType = sourcecode.swift; path = ios_starter_kitTests.swift; sourceTree = "<group>"; };
		8C04E0AF1D20FE0400D88603 /* Info.plist */ = {isa = PBXFileReference; lastKnownFileType = text.plist.xml; path = Info.plist; sourceTree = "<group>"; };
		8C04E0B41D20FE0400D88603 /* ios_starter_kitUITests.xctest */ = {isa = PBXFileReference; explicitFileType = wrapper.cfbundle; includeInIndex = 0; path = ios_starter_kitUITests.xctest; sourceTree = BUILT_PRODUCTS_DIR; };
		8C04E0B81D20FE0400D88603 /* ios_starter_kitUITests.swift */ = {isa = PBXFileReference; lastKnownFileType = sourcecode.swift; path = ios_starter_kitUITests.swift; sourceTree = "<group>"; };
		8C04E0BA1D20FE0400D88603 /* Info.plist */ = {isa = PBXFileReference; lastKnownFileType = text.plist.xml; path = Info.plist; sourceTree = "<group>"; };
		8C831FBB1D212D9200C6C7B5 /* Logger.swift */ = {isa = PBXFileReference; fileEncoding = 4; lastKnownFileType = sourcecode.swift; path = Logger.swift; sourceTree = "<group>"; };
		93E9D0380105BFEF4A8678DD /* Pods-ios_starter_kit.release.xcconfig */ = {isa = PBXFileReference; includeInIndex = 1; lastKnownFileType = text.xcconfig; name = "Pods-ios_starter_kit.release.xcconfig"; path = "Pods/Target Support Files/Pods-ios_starter_kit/Pods-ios_starter_kit.release.xcconfig"; sourceTree = "<group>"; };
		B700FCFC52C77B7957F6FF62 /* Pods-ios_starter_kitTests.debug.xcconfig */ = {isa = PBXFileReference; includeInIndex = 1; lastKnownFileType = text.xcconfig; name = "Pods-ios_starter_kitTests.debug.xcconfig"; path = "Pods/Target Support Files/Pods-ios_starter_kitTests/Pods-ios_starter_kitTests.debug.xcconfig"; sourceTree = "<group>"; };
		E5018E43232CDDF21DB81F5B /* Pods-ios_starter_kitUITests.debug.xcconfig */ = {isa = PBXFileReference; includeInIndex = 1; lastKnownFileType = text.xcconfig; name = "Pods-ios_starter_kitUITests.debug.xcconfig"; path = "Pods/Target Support Files/Pods-ios_starter_kitUITests/Pods-ios_starter_kitUITests.debug.xcconfig"; sourceTree = "<group>"; };
/* End PBXFileReference section */

/* Begin PBXFrameworksBuildPhase section */
		8C04E0921D20FE0400D88603 /* Frameworks */ = {
			isa = PBXFrameworksBuildPhase;
			buildActionMask = 2147483647;
			files = (
				282F9CFB59BBA5F94E1AAD45 /* Pods_ios_starter_kit.framework in Frameworks */,
			);
			runOnlyForDeploymentPostprocessing = 0;
		};
		8C04E0A61D20FE0400D88603 /* Frameworks */ = {
			isa = PBXFrameworksBuildPhase;
			buildActionMask = 2147483647;
			files = (
				104698B4D27BFD6744A2B5C8 /* Pods_ios_starter_kitTests.framework in Frameworks */,
			);
			runOnlyForDeploymentPostprocessing = 0;
		};
		8C04E0B11D20FE0400D88603 /* Frameworks */ = {
			isa = PBXFrameworksBuildPhase;
			buildActionMask = 2147483647;
			files = (
				55CCE8A5A25398C679D37EAC /* Pods_ios_starter_kitUITests.framework in Frameworks */,
			);
			runOnlyForDeploymentPostprocessing = 0;
		};
/* End PBXFrameworksBuildPhase section */

/* Begin PBXGroup section */
		34270A98ED4E987973542B5A /* Frameworks */ = {
			isa = PBXGroup;
			children = (
				5CAC8BCB3A4037B59353DA65 /* Pods_ios_starter_kit.framework */,
				86D58CC949D8A16131F9C67B /* Pods_ios_starter_kitTests.framework */,
				00FAE05929EC045050DA094F /* Pods_ios_starter_kitUITests.framework */,
			);
			name = Frameworks;
			sourceTree = "<group>";
		};
		50A3253E4459F4F9AC4DA77D /* Pods */ = {
			isa = PBXGroup;
			children = (
				18F9321AE36FC96419959BEC /* Pods-ios_starter_kit.debug.xcconfig */,
				93E9D0380105BFEF4A8678DD /* Pods-ios_starter_kit.release.xcconfig */,
				B700FCFC52C77B7957F6FF62 /* Pods-ios_starter_kitTests.debug.xcconfig */,
				6A2C2B5184CE79B701DC7DF3 /* Pods-ios_starter_kitTests.release.xcconfig */,
				E5018E43232CDDF21DB81F5B /* Pods-ios_starter_kitUITests.debug.xcconfig */,
				55356D485A82432B03BDF8B6 /* Pods-ios_starter_kitUITests.release.xcconfig */,
			);
			name = Pods;
			sourceTree = "<group>";
		};
		8C04E08C1D20FE0400D88603 = {
			isa = PBXGroup;
			children = (
				34270A98ED4E987973542B5A /* Frameworks */,
				50A3253E4459F4F9AC4DA77D /* Pods */,
				8C04E0961D20FE0400D88603 /* Products */,
				8C04E0971D20FE0400D88603 /* ios_starter_kit */,
				8C04E0AC1D20FE0400D88603 /* ios_starter_kitTests */,
				8C04E0B71D20FE0400D88603 /* ios_starter_kitUITests */,
			);
			sourceTree = "<group>";
		};
		8C04E0961D20FE0400D88603 /* Products */ = {
			isa = PBXGroup;
			children = (
				8C04E0951D20FE0400D88603 /* ios_starter_kit.app */,
				8C04E0A91D20FE0400D88603 /* ios_starter_kitTests.xctest */,
				8C04E0B41D20FE0400D88603 /* ios_starter_kitUITests.xctest */,
			);
			name = Products;
			sourceTree = "<group>";
		};
		8C04E0971D20FE0400D88603 /* ios_starter_kit */ = {
			isa = PBXGroup;
			children = (
				8C04E0C61D212AF600D88603 /* Extensions */,
				8C04E0C71D212B0500D88603 /* Utils */,
				8C04E0981D20FE0400D88603 /* AppDelegate.swift */,
				8C04E09F1D20FE0400D88603 /* Assets.xcassets */,
				8C04E0A41D20FE0400D88603 /* Info.plist */,
				8C04E0A11D20FE0400D88603 /* LaunchScreen.storyboard */,
				8C04E09C1D20FE0400D88603 /* Main.storyboard */,
				8C04E09A1D20FE0400D88603 /* ViewController.swift */,
			);
			path = ios_starter_kit;
			sourceTree = "<group>";
		};
		8C04E0AC1D20FE0400D88603 /* ios_starter_kitTests */ = {
			isa = PBXGroup;
			children = (
				8C04E0AF1D20FE0400D88603 /* Info.plist */,
				8C04E0AD1D20FE0400D88603 /* ios_starter_kitTests.swift */,
			);
			path = ios_starter_kitTests;
			sourceTree = "<group>";
		};
		8C04E0B71D20FE0400D88603 /* ios_starter_kitUITests */ = {
			isa = PBXGroup;
			children = (
				8C04E0BA1D20FE0400D88603 /* Info.plist */,
				8C04E0B81D20FE0400D88603 /* ios_starter_kitUITests.swift */,
			);
			path = ios_starter_kitUITests;
			sourceTree = "<group>";
		};
		8C04E0C61D212AF600D88603 /* Extensions */ = {
			isa = PBXGroup;
			children = (
			);
			path = Extensions;
			sourceTree = "<group>";
		};
		8C04E0C71D212B0500D88603 /* Utils */ = {
			isa = PBXGroup;
			children = (
				8C831FBB1D212D9200C6C7B5 /* Logger.swift */,
			);
			path = Utils;
			sourceTree = "<group>";
		};
/* End PBXGroup section */

/* Begin PBXNativeTarget section */
		8C04E0941D20FE0400D88603 /* ios_starter_kit */ = {
			isa = PBXNativeTarget;
			buildConfigurationList = 8C04E0BD1D20FE0400D88603 /* Build configuration list for PBXNativeTarget "ios_starter_kit" */;
			buildPhases = (
				F382FFD12716145B9E1EBB64 /* [CP] Check Pods Manifest.lock */,
				8C04E0911D20FE0400D88603 /* Sources */,
				8C04E0921D20FE0400D88603 /* Frameworks */,
				8C04E0931D20FE0400D88603 /* Resources */,
				CC057F237EE32880B8BCC66F /* [CP] Embed Pods Frameworks */,
				3E97E8E77067E0D0790FE999 /* [CP] Copy Pods Resources */,
			);
			buildRules = (
			);
			dependencies = (
			);
			name = ios_starter_kit;
			productName = ios_starter_kit;
			productReference = 8C04E0951D20FE0400D88603 /* ios_starter_kit.app */;
			productType = "com.apple.product-type.application";
		};
		8C04E0A81D20FE0400D88603 /* ios_starter_kitTests */ = {
			isa = PBXNativeTarget;
			buildConfigurationList = 8C04E0C01D20FE0400D88603 /* Build configuration list for PBXNativeTarget "ios_starter_kitTests" */;
			buildPhases = (
				41A57FBC137FF2D19ED593E1 /* [CP] Check Pods Manifest.lock */,
				8C04E0A51D20FE0400D88603 /* Sources */,
				8C04E0A61D20FE0400D88603 /* Frameworks */,
				8C04E0A71D20FE0400D88603 /* Resources */,
				1055DA164FABECAE298995E3 /* [CP] Embed Pods Frameworks */,
				0D4C46F59E4F9E95EA59B140 /* [CP] Copy Pods Resources */,
			);
			buildRules = (
			);
			dependencies = (
				8C04E0AB1D20FE0400D88603 /* PBXTargetDependency */,
			);
			name = ios_starter_kitTests;
			productName = ios_starter_kitTests;
			productReference = 8C04E0A91D20FE0400D88603 /* ios_starter_kitTests.xctest */;
			productType = "com.apple.product-type.bundle.unit-test";
		};
		8C04E0B31D20FE0400D88603 /* ios_starter_kitUITests */ = {
			isa = PBXNativeTarget;
			buildConfigurationList = 8C04E0C31D20FE0400D88603 /* Build configuration list for PBXNativeTarget "ios_starter_kitUITests" */;
			buildPhases = (
				0C33B50DEB9263AD31299A39 /* [CP] Check Pods Manifest.lock */,
				8C04E0B01D20FE0400D88603 /* Sources */,
				8C04E0B11D20FE0400D88603 /* Frameworks */,
				8C04E0B21D20FE0400D88603 /* Resources */,
				0EC3183F65B0F0010E423514 /* [CP] Copy Pods Resources */,
			);
			buildRules = (
			);
			dependencies = (
				8C04E0B61D20FE0400D88603 /* PBXTargetDependency */,
			);
			name = ios_starter_kitUITests;
			productName = ios_starter_kitUITests;
			productReference = 8C04E0B41D20FE0400D88603 /* ios_starter_kitUITests.xctest */;
			productType = "com.apple.product-type.bundle.ui-testing";
		};
/* End PBXNativeTarget section */

/* Begin PBXProject section */
		8C04E08D1D20FE0400D88603 /* Project object */ = {
			isa = PBXProject;
			attributes = {
				LastSwiftUpdateCheck = 0730;
				LastUpgradeCheck = 0730;
				ORGANIZATIONNAME = star__hoshi;
				TargetAttributes = {
					8C04E0941D20FE0400D88603 = {
						CreatedOnToolsVersion = 7.3.1;
					};
					8C04E0A81D20FE0400D88603 = {
						CreatedOnToolsVersion = 7.3.1;
						TestTargetID = 8C04E0941D20FE0400D88603;
					};
					8C04E0B31D20FE0400D88603 = {
						CreatedOnToolsVersion = 7.3.1;
						TestTargetID = 8C04E0941D20FE0400D88603;
					};
				};
			};
			buildConfigurationList = 8C04E0901D20FE0400D88603 /* Build configuration list for PBXProject "ios_starter_kit" */;
			compatibilityVersion = "Xcode 3.2";
			developmentRegion = English;
			hasScannedForEncodings = 0;
			knownRegions = (
				en,
				Base,
			);
			mainGroup = 8C04E08C1D20FE0400D88603;
			productRefGroup = 8C04E0961D20FE0400D88603 /* Products */;
			projectDirPath = "";
			projectRoot = "";
			targets = (
				8C04E0941D20FE0400D88603 /* ios_starter_kit */,
				8C04E0A81D20FE0400D88603 /* ios_starter_kitTests */,
				8C04E0B31D20FE0400D88603 /* ios_starter_kitUITests */,
			);
		};
/* End PBXProject section */

/* Begin PBXResourcesBuildPhase section */
		8C04E0931D20FE0400D88603 /* Resources */ = {
			isa = PBXResourcesBuildPhase;
			buildActionMask = 2147483647;
			files = (
				8C04E0A31D20FE0400D88603 /* LaunchScreen.storyboard in Resources */,
				8C04E0A01D20FE0400D88603 /* Assets.xcassets in Resources */,
				8C04E09E1D20FE0400D88603 /* Main.storyboard in Resources */,
			);
			runOnlyForDeploymentPostprocessing = 0;
		};
		8C04E0A71D20FE0400D88603 /* Resources */ = {
			isa = PBXResourcesBuildPhase;
			buildActionMask = 2147483647;
			files = (
			);
			runOnlyForDeploymentPostprocessing = 0;
		};
		8C04E0B21D20FE0400D88603 /* Resources */ = {
			isa = PBXResourcesBuildPhase;
			buildActionMask = 2147483647;
			files = (
			);
			runOnlyForDeploymentPostprocessing = 0;
		};
/* End PBXResourcesBuildPhase section */

/* Begin PBXShellScriptBuildPhase section */
		0C33B50DEB9263AD31299A39 /* [CP] Check Pods Manifest.lock */ = {
			isa = PBXShellScriptBuildPhase;
			buildActionMask = 2147483647;
			files = (
			);
			inputPaths = (
			);
			name = "[CP] Check Pods Manifest.lock";
			outputPaths = (
			);
			runOnlyForDeploymentPostprocessing = 0;
			shellPath = /bin/sh;
			shellScript = "diff \"${PODS_ROOT}/../Podfile.lock\" \"${PODS_ROOT}/Manifest.lock\" > /dev/null\nif [[ $? != 0 ]] ; then\n    cat << EOM\nerror: The sandbox is not in sync with the Podfile.lock. Run 'pod install' or update your CocoaPods installation.\nEOM\n    exit 1\nfi\n";
			showEnvVarsInLog = 0;
		};
		0D4C46F59E4F9E95EA59B140 /* [CP] Copy Pods Resources */ = {
			isa = PBXShellScriptBuildPhase;
			buildActionMask = 2147483647;
			files = (
			);
			inputPaths = (
			);
			name = "[CP] Copy Pods Resources";
			outputPaths = (
			);
			runOnlyForDeploymentPostprocessing = 0;
			shellPath = /bin/sh;
			shellScript = "\"${SRCROOT}/Pods/Target Support Files/Pods-ios_starter_kitTests/Pods-ios_starter_kitTests-resources.sh\"\n";
			showEnvVarsInLog = 0;
		};
		0EC3183F65B0F0010E423514 /* [CP] Copy Pods Resources */ = {
			isa = PBXShellScriptBuildPhase;
			buildActionMask = 2147483647;
			files = (
			);
			inputPaths = (
			);
			name = "[CP] Copy Pods Resources";
			outputPaths = (
			);
			runOnlyForDeploymentPostprocessing = 0;
			shellPath = /bin/sh;
			shellScript = "\"${SRCROOT}/Pods/Target Support Files/Pods-ios_starter_kitUITests/Pods-ios_starter_kitUITests-resources.sh\"\n";
			showEnvVarsInLog = 0;
		};
		1055DA164FABECAE298995E3 /* [CP] Embed Pods Frameworks */ = {
			isa = PBXShellScriptBuildPhase;
			buildActionMask = 2147483647;
			files = (
			);
			inputPaths = (
			);
			name = "[CP] Embed Pods Frameworks";
			outputPaths = (
			);
			runOnlyForDeploymentPostprocessing = 0;
			shellPath = /bin/sh;
			shellScript = "\"${SRCROOT}/Pods/Target Support Files/Pods-ios_starter_kitTests/Pods-ios_starter_kitTests-frameworks.sh\"\n";
			showEnvVarsInLog = 0;
		};
		3E97E8E77067E0D0790FE999 /* [CP] Copy Pods Resources */ = {
			isa = PBXShellScriptBuildPhase;
			buildActionMask = 2147483647;
			files = (
			);
			inputPaths = (
			);
			name = "[CP] Copy Pods Resources";
			outputPaths = (
			);
			runOnlyForDeploymentPostprocessing = 0;
			shellPath = /bin/sh;
			shellScript = "\"${SRCROOT}/Pods/Target Support Files/Pods-ios_starter_kit/Pods-ios_starter_kit-resources.sh\"\n";
			showEnvVarsInLog = 0;
		};
		41A57FBC137FF2D19ED593E1 /* [CP] Check Pods Manifest.lock */ = {
			isa = PBXShellScriptBuildPhase;
			buildActionMask = 2147483647;
			files = (
			);
			inputPaths = (
			);
			name = "[CP] Check Pods Manifest.lock";
			outputPaths = (
			);
			runOnlyForDeploymentPostprocessing = 0;
			shellPath = /bin/sh;
			shellScript = "diff \"${PODS_ROOT}/../Podfile.lock\" \"${PODS_ROOT}/Manifest.lock\" > /dev/null\nif [[ $? != 0 ]] ; then\n    cat << EOM\nerror: The sandbox is not in sync with the Podfile.lock. Run 'pod install' or update your CocoaPods installation.\nEOM\n    exit 1\nfi\n";
			showEnvVarsInLog = 0;
		};
		CC057F237EE32880B8BCC66F /* [CP] Embed Pods Frameworks */ = {
			isa = PBXShellScriptBuildPhase;
			buildActionMask = 2147483647;
			files = (
			);
			inputPaths = (
			);
			name = "[CP] Embed Pods Frameworks";
			outputPaths = (
			);
			runOnlyForDeploymentPostprocessing = 0;
			shellPath = /bin/sh;
			shellScript = "\"${SRCROOT}/Pods/Target Support Files/Pods-ios_starter_kit/Pods-ios_starter_kit-frameworks.sh\"\n";
			showEnvVarsInLog = 0;
		};
		F382FFD12716145B9E1EBB64 /* [CP] Check Pods Manifest.lock */ = {
			isa = PBXShellScriptBuildPhase;
			buildActionMask = 2147483647;
			files = (
			);
			inputPaths = (
			);
			name = "[CP] Check Pods Manifest.lock";
			outputPaths = (
			);
			runOnlyForDeploymentPostprocessing = 0;
			shellPath = /bin/sh;
			shellScript = "diff \"${PODS_ROOT}/../Podfile.lock\" \"${PODS_ROOT}/Manifest.lock\" > /dev/null\nif [[ $? != 0 ]] ; then\n    cat << EOM\nerror: The sandbox is not in sync with the Podfile.lock. Run 'pod install' or update your CocoaPods installation.\nEOM\n    exit 1\nfi\n";
			showEnvVarsInLog = 0;
		};
/* End PBXShellScriptBuildPhase section */

/* Begin PBXSourcesBuildPhase section */
		8C04E0911D20FE0400D88603 /* Sources */ = {
			isa = PBXSourcesBuildPhase;
			buildActionMask = 2147483647;
			files = (
				8C04E09B1D20FE0400D88603 /* ViewController.swift in Sources */,
				8C831FBC1D212D9200C6C7B5 /* Logger.swift in Sources */,
				8C04E0991D20FE0400D88603 /* AppDelegate.swift in Sources */,
			);
			runOnlyForDeploymentPostprocessing = 0;
		};
		8C04E0A51D20FE0400D88603 /* Sources */ = {
			isa = PBXSourcesBuildPhase;
			buildActionMask = 2147483647;
			files = (
				8C04E0AE1D20FE0400D88603 /* ios_starter_kitTests.swift in Sources */,
			);
			runOnlyForDeploymentPostprocessing = 0;
		};
		8C04E0B01D20FE0400D88603 /* Sources */ = {
			isa = PBXSourcesBuildPhase;
			buildActionMask = 2147483647;
			files = (
				8C04E0B91D20FE0400D88603 /* ios_starter_kitUITests.swift in Sources */,
			);
			runOnlyForDeploymentPostprocessing = 0;
		};
/* End PBXSourcesBuildPhase section */

/* Begin PBXTargetDependency section */
		8C04E0AB1D20FE0400D88603 /* PBXTargetDependency */ = {
			isa = PBXTargetDependency;
			target = 8C04E0941D20FE0400D88603 /* ios_starter_kit */;
			targetProxy = 8C04E0AA1D20FE0400D88603 /* PBXContainerItemProxy */;
		};
		8C04E0B61D20FE0400D88603 /* PBXTargetDependency */ = {
			isa = PBXTargetDependency;
			target = 8C04E0941D20FE0400D88603 /* ios_starter_kit */;
			targetProxy = 8C04E0B51D20FE0400D88603 /* PBXContainerItemProxy */;
		};
/* End PBXTargetDependency section */

/* Begin PBXVariantGroup section */
		8C04E09C1D20FE0400D88603 /* Main.storyboard */ = {
			isa = PBXVariantGroup;
			children = (
				8C04E09D1D20FE0400D88603 /* Base */,
			);
			name = Main.storyboard;
			path = .;
			sourceTree = "<group>";
		};
		8C04E0A11D20FE0400D88603 /* LaunchScreen.storyboard */ = {
			isa = PBXVariantGroup;
			children = (
				8C04E0A21D20FE0400D88603 /* Base */,
			);
			name = LaunchScreen.storyboard;
			path = .;
			sourceTree = "<group>";
		};
/* End PBXVariantGroup section */

/* Begin XCBuildConfiguration section */
		8C04E0BB1D20FE0400D88603 /* Debug */ = {
			isa = XCBuildConfiguration;
			buildSettings = {
				ALWAYS_SEARCH_USER_PATHS = NO;
				CLANG_ANALYZER_NONNULL = YES;
				CLANG_CXX_LANGUAGE_STANDARD = "gnu++0x";
				CLANG_CXX_LIBRARY = "libc++";
				CLANG_ENABLE_MODULES = YES;
				CLANG_ENABLE_OBJC_ARC = YES;
				CLANG_WARN_BOOL_CONVERSION = YES;
				CLANG_WARN_CONSTANT_CONVERSION = YES;
				CLANG_WARN_DIRECT_OBJC_ISA_USAGE = YES_ERROR;
				CLANG_WARN_EMPTY_BODY = YES;
				CLANG_WARN_ENUM_CONVERSION = YES;
				CLANG_WARN_INT_CONVERSION = YES;
				CLANG_WARN_OBJC_ROOT_CLASS = YES_ERROR;
				CLANG_WARN_UNREACHABLE_CODE = YES;
				CLANG_WARN__DUPLICATE_METHOD_MATCH = YES;
				"CODE_SIGN_IDENTITY[sdk=iphoneos*]" = "iPhone Developer";
				COPY_PHASE_STRIP = NO;
				DEBUG_INFORMATION_FORMAT = dwarf;
				ENABLE_STRICT_OBJC_MSGSEND = YES;
				ENABLE_TESTABILITY = YES;
				GCC_C_LANGUAGE_STANDARD = gnu99;
				GCC_DYNAMIC_NO_PIC = NO;
				GCC_NO_COMMON_BLOCKS = YES;
				GCC_OPTIMIZATION_LEVEL = 0;
				GCC_PREPROCESSOR_DEFINITIONS = (
					"DEBUG=1",
					"$(inherited)",
				);
				GCC_WARN_64_TO_32_BIT_CONVERSION = YES;
				GCC_WARN_ABOUT_RETURN_TYPE = YES_ERROR;
				GCC_WARN_UNDECLARED_SELECTOR = YES;
				GCC_WARN_UNINITIALIZED_AUTOS = YES_AGGRESSIVE;
				GCC_WARN_UNUSED_FUNCTION = YES;
				GCC_WARN_UNUSED_VARIABLE = YES;
				IPHONEOS_DEPLOYMENT_TARGET = 9.3;
				MTL_ENABLE_DEBUG_INFO = YES;
				ONLY_ACTIVE_ARCH = YES;
				SDKROOT = iphoneos;
				SWIFT_OPTIMIZATION_LEVEL = "-Onone";
			};
			name = Debug;
		};
		8C04E0BC1D20FE0400D88603 /* Release */ = {
			isa = XCBuildConfiguration;
			buildSettings = {
				ALWAYS_SEARCH_USER_PATHS = NO;
				CLANG_ANALYZER_NONNULL = YES;
				CLANG_CXX_LANGUAGE_STANDARD = "gnu++0x";
				CLANG_CXX_LIBRARY = "libc++";
				CLANG_ENABLE_MODULES = YES;
				CLANG_ENABLE_OBJC_ARC = YES;
				CLANG_WARN_BOOL_CONVERSION = YES;
				CLANG_WARN_CONSTANT_CONVERSION = YES;
				CLANG_WARN_DIRECT_OBJC_ISA_USAGE = YES_ERROR;
				CLANG_WARN_EMPTY_BODY = YES;
				CLANG_WARN_ENUM_CONVERSION = YES;
				CLANG_WARN_INT_CONVERSION = YES;
				CLANG_WARN_OBJC_ROOT_CLASS = YES_ERROR;
				CLANG_WARN_UNREACHABLE_CODE = YES;
				CLANG_WARN__DUPLICATE_METHOD_MATCH = YES;
				"CODE_SIGN_IDENTITY[sdk=iphoneos*]" = "iPhone Developer";
				COPY_PHASE_STRIP = NO;
				DEBUG_INFORMATION_FORMAT = "dwarf-with-dsym";
				ENABLE_NS_ASSERTIONS = NO;
				ENABLE_STRICT_OBJC_MSGSEND = YES;
				GCC_C_LANGUAGE_STANDARD = gnu99;
				GCC_NO_COMMON_BLOCKS = YES;
				GCC_WARN_64_TO_32_BIT_CONVERSION = YES;
				GCC_WARN_ABOUT_RETURN_TYPE = YES_ERROR;
				GCC_WARN_UNDECLARED_SELECTOR = YES;
				GCC_WARN_UNINITIALIZED_AUTOS = YES_AGGRESSIVE;
				GCC_WARN_UNUSED_FUNCTION = YES;
				GCC_WARN_UNUSED_VARIABLE = YES;
				IPHONEOS_DEPLOYMENT_TARGET = 9.3;
				MTL_ENABLE_DEBUG_INFO = NO;
				SDKROOT = iphoneos;
				VALIDATE_PRODUCT = YES;
			};
			name = Release;
		};
		8C04E0BE1D20FE0400D88603 /* Debug */ = {
			isa = XCBuildConfiguration;
			baseConfigurationReference = 18F9321AE36FC96419959BEC /* Pods-ios_starter_kit.debug.xcconfig */;
			buildSettings = {
				ASSETCATALOG_COMPILER_APPICON_NAME = AppIcon;
				INFOPLIST_FILE = ios_starter_kit/Info.plist;
				LD_RUNPATH_SEARCH_PATHS = "$(inherited) @executable_path/Frameworks";
				OTHER_SWIFT_FLAGS = "$(inherited) \"-D\" \"COCOAPODS\" -D DEBUG";
				PRODUCT_BUNDLE_IDENTIFIER = "com.starhoshi.ios-starter-kit";
				PRODUCT_NAME = "$(TARGET_NAME)";
			};
			name = Debug;
		};
		8C04E0BF1D20FE0400D88603 /* Release */ = {
			isa = XCBuildConfiguration;
			baseConfigurationReference = 93E9D0380105BFEF4A8678DD /* Pods-ios_starter_kit.release.xcconfig */;
			buildSettings = {
				ASSETCATALOG_COMPILER_APPICON_NAME = AppIcon;
				INFOPLIST_FILE = ios_starter_kit/Info.plist;
				LD_RUNPATH_SEARCH_PATHS = "$(inherited) @executable_path/Frameworks";
				PRODUCT_BUNDLE_IDENTIFIER = "com.starhoshi.ios-starter-kit";
				PRODUCT_NAME = "$(TARGET_NAME)";
			};
			name = Release;
		};
		8C04E0C11D20FE0400D88603 /* Debug */ = {
			isa = XCBuildConfiguration;
			baseConfigurationReference = B700FCFC52C77B7957F6FF62 /* Pods-ios_starter_kitTests.debug.xcconfig */;
			buildSettings = {
				BUNDLE_LOADER = "$(TEST_HOST)";
				INFOPLIST_FILE = ios_starter_kitTests/Info.plist;
				LD_RUNPATH_SEARCH_PATHS = "$(inherited) @executable_path/Frameworks @loader_path/Frameworks";
				PRODUCT_BUNDLE_IDENTIFIER = "com.starhoshi.ios-starter-kitTests";
				PRODUCT_NAME = "$(TARGET_NAME)";
				TEST_HOST = "$(BUILT_PRODUCTS_DIR)/ios_starter_kit.app/ios_starter_kit";
			};
			name = Debug;
		};
		8C04E0C21D20FE0400D88603 /* Release */ = {
			isa = XCBuildConfiguration;
			baseConfigurationReference = 6A2C2B5184CE79B701DC7DF3 /* Pods-ios_starter_kitTests.release.xcconfig */;
			buildSettings = {
				BUNDLE_LOADER = "$(TEST_HOST)";
				INFOPLIST_FILE = ios_starter_kitTests/Info.plist;
				LD_RUNPATH_SEARCH_PATHS = "$(inherited) @executable_path/Frameworks @loader_path/Frameworks";
				PRODUCT_BUNDLE_IDENTIFIER = "com.starhoshi.ios-starter-kitTests";
				PRODUCT_NAME = "$(TARGET_NAME)";
				TEST_HOST = "$(BUILT_PRODUCTS_DIR)/ios_starter_kit.app/ios_starter_kit";
			};
			name = Release;
		};
		8C04E0C41D20FE0400D88603 /* Debug */ = {
			isa = XCBuildConfiguration;
			baseConfigurationReference = E5018E43232CDDF21DB81F5B /* Pods-ios_starter_kitUITests.debug.xcconfig */;
			buildSettings = {
				INFOPLIST_FILE = ios_starter_kitUITests/Info.plist;
				LD_RUNPATH_SEARCH_PATHS = "$(inherited) @executable_path/Frameworks @loader_path/Frameworks";
				PRODUCT_BUNDLE_IDENTIFIER = "com.starhoshi.ios-starter-kitUITests";
				PRODUCT_NAME = "$(TARGET_NAME)";
				TEST_TARGET_NAME = ios_starter_kit;
			};
			name = Debug;
		};
		8C04E0C51D20FE0400D88603 /* Release */ = {
			isa = XCBuildConfiguration;
			baseConfigurationReference = 55356D485A82432B03BDF8B6 /* Pods-ios_starter_kitUITests.release.xcconfig */;
			buildSettings = {
				INFOPLIST_FILE = ios_starter_kitUITests/Info.plist;
				LD_RUNPATH_SEARCH_PATHS = "$(inherited) @executable_path/Frameworks @loader_path/Frameworks";
				PRODUCT_BUNDLE_IDENTIFIER = "com.starhoshi.ios-starter-kitUITests";
				PRODUCT_NAME = "$(TARGET_NAME)";
				TEST_TARGET_NAME = ios_starter_kit;
			};
			name = Release;
		};
/* End XCBuildConfiguration section */

/* Begin XCConfigurationList section */
		8C04E0901D20FE0400D88603 /* Build configuration list for PBXProject "ios_starter_kit" */ = {
			isa = XCConfigurationList;
			buildConfigurations = (
				8C04E0BB1D20FE0400D88603 /* Debug */,
				8C04E0BC1D20FE0400D88603 /* Release */,
			);
			defaultConfigurationIsVisible = 0;
			defaultConfigurationName = Release;
		};
		8C04E0BD1D20FE0400D88603 /* Build configuration list for PBXNativeTarget "ios_starter_kit" */ = {
			isa = XCConfigurationList;
			buildConfigurations = (
				8C04E0BE1D20FE0400D88603 /* Debug */,
				8C04E0BF1D20FE0400D88603 /* Release */,
			);
			defaultConfigurationIsVisible = 0;
			defaultConfigurationName = Release;
		};
		8C04E0C01D20FE0400D88603 /* Build configuration list for PBXNativeTarget "ios_starter_kitTests" */ = {
			isa = XCConfigurationList;
			buildConfigurations = (
				8C04E0C11D20FE0400D88603 /* Debug */,
				8C04E0C21D20FE0400D88603 /* Release */,
			);
			defaultConfigurationIsVisible = 0;
			defaultConfigurationName = Release;
		};
		8C04E0C31D20FE0400D88603 /* Build configuration list for PBXNativeTarget "ios_starter_kitUITests" */ = {
			isa = XCConfigurationList;
			buildConfigurations = (
				8C04E0C41D20FE0400D88603 /* Debug */,
				8C04E0C51D20FE0400D88603 /* Release */,
			);
			defaultConfigurationIsVisible = 0;
			defaultConfigurationName = Release;
		};
/* End XCConfigurationList section */
	};
	rootObject = 8C04E08D1D20FE0400D88603 /* Project object */;
}
